// !$*UTF8*$!
{
	archiveVersion = 1;
	classes = {
	};
	objectVersion = 77;
	objects = {

/* Begin PBXBuildFile section */
		0CC70CC70CC70CC70CC700B1 /* OCCT.xcframework in Frameworks */ = {isa = PBXBuildFile; fileRef = 0CC70CC70CC70CC70CC700F1 /* OCCT.xcframework */; };
		7F70435B300C1217003471DC /* Euclid in Frameworks */ = {isa = PBXBuildFile; productRef = 7F7043F1300C0ED8003471DC /* Euclid */; };
		7F70435C300C1217003471DC /* Euclid in Frameworks */ = {isa = PBXBuildFile; productRef = 7F7043F2300C0ED8003471DC /* Euclid */; };
/* End PBXBuildFile section */

/* Begin PBXContainerItemProxy section */
		7F704323300C0ED7003471DC /* PBXContainerItemProxy */ = {
			isa = PBXContainerItemProxy;
			containerPortal = 7F70430B300C0ED6003471DC /* Project object */;
			proxyType = 1;
			remoteGlobalIDString = 7F704312300C0ED6003471DC;
			remoteInfo = openshape3d;
		};
		7F70432D300C0ED7003471DC /* PBXContainerItemProxy */ = {
			isa = PBXContainerItemProxy;
			containerPortal = 7F70430B300C0ED6003471DC /* Project object */;
			proxyType = 1;
			remoteGlobalIDString = 7F704312300C0ED6003471DC;
			remoteInfo = openshape3d;
		};
/* End PBXContainerItemProxy section */

/* Begin PBXFileReference section */
		0CC70CC70CC70CC70CC700F1 /* OCCT.xcframework */ = {isa = PBXFileReference; lastKnownFileType = wrapper.xcframework; name = OCCT.xcframework; path = ThirdParty/OCCT.xcframework; sourceTree = SOURCE_ROOT; };
		7F704313300C0ED6003471DC /* openshape3d.app */ = {isa = PBXFileReference; explicitFileType = wrapper.application; includeInIndex = 0; path = openshape3d.app; sourceTree = BUILT_PRODUCTS_DIR; };
		7F704322300C0ED7003471DC /* openshape3dTests.xctest */ = {isa = PBXFileReference; explicitFileType = wrapper.cfbundle; includeInIndex = 0; path = openshape3dTests.xctest; sourceTree = BUILT_PRODUCTS_DIR; };
		7F70432C300C0ED7003471DC /* openshape3dUITests.xctest */ = {isa = PBXFileReference; explicitFileType = wrapper.cfbundle; includeInIndex = 0; path = openshape3dUITests.xctest; sourceTree = BUILT_PRODUCTS_DIR; };
/* End PBXFileReference section */

/* Begin PBXFileSystemSynchronizedBuildFileExceptionSet section */
		7F7046013010F00000347100 /* Exceptions for "openshape3dTests" folder in "openshape3dTests" target */ = {
			isa = PBXFileSystemSynchronizedBuildFileExceptionSet;
			membershipExceptions = (
				"Fixtures/Captures/boss-bore-face-merge/a.brep",
				"Fixtures/Captures/boss-bore-face-merge/b.brep",
				"Fixtures/Captures/boss-bore-face-merge/manifest.json",
				"Fixtures/Captures/clevis-lug-junction-fillet-r2/manifest.json",
				"Fixtures/Captures/clevis-lug-junction-fillet-r2/shape.brep",
				"Fixtures/Captures/coincident-boss-arc-window-cut/a.brep",
				"Fixtures/Captures/coincident-boss-arc-window-cut/b.brep",
				"Fixtures/Captures/coincident-boss-arc-window-cut/manifest.json",
				"Fixtures/Captures/filleted-pipe-junction-shell-c0/manifest.json",
				"Fixtures/Captures/filleted-pipe-junction-shell-c0/shape.brep",
				"Fixtures/Captures/loose-tolerance-bent-pin-union/a.brep",
				"Fixtures/Captures/loose-tolerance-bent-pin-union/b.brep",
				"Fixtures/Captures/loose-tolerance-bent-pin-union/manifest.json",
				"Fixtures/Captures/overradius-fillet-d10-rim/manifest.json",
				"Fixtures/Captures/overradius-fillet-d10-rim/shape.brep",
				"Fixtures/Captures/pipe-junction-over-s-step-shell/manifest.json",
				"Fixtures/Captures/pipe-junction-over-s-step-shell/shape.brep",
				"Fixtures/Captures/port-junction-fillet-chain-credit/manifest.json",
				"Fixtures/Captures/port-junction-fillet-chain-credit/shape.brep",
			);
			target = 7F704321300C0ED7003471DC /* openshape3dTests */;
		};
/* End PBXFileSystemSynchronizedBuildFileExceptionSet section */

/* Begin PBXFileSystemSynchronizedRootGroup section */
		7F704315300C0ED6003471DC /* openshape3d */ = {
			isa = PBXFileSystemSynchronizedRootGroup;
			path = openshape3d;
			sourceTree = "<group>";
		};
		7F704325300C0ED7003471DC /* openshape3dTests */ = {
			isa = PBXFileSystemSynchronizedRootGroup;
			exceptions = (
				7F7046013010F00000347100 /* Exceptions for "openshape3dTests" folder in "openshape3dTests" target */,
			);
			path = openshape3dTests;
			sourceTree = "<group>";
		};
		7F70432F300C0ED7003471DC /* openshape3dUITests */ = {
			isa = PBXFileSystemSynchronizedRootGroup;
			path = openshape3dUITests;
			sourceTree = "<group>";
		};
/* End PBXFileSystemSynchronizedRootGroup section */

/* Begin PBXFrameworksBuildPhase section */
		7F704310300C0ED6003471DC /* Frameworks */ = {
			isa = PBXFrameworksBuildPhase;
			buildActionMask = 2147483647;
			files = (
				0CC70CC70CC70CC70CC700B1 /* OCCT.xcframework in Frameworks */,
				7F70435B300C1217003471DC /* Euclid in Frameworks */,
			);
			runOnlyForDeploymentPostprocessing = 0;
		};
		7F70431F300C0ED7003471DC /* Frameworks */ = {
			isa = PBXFrameworksBuildPhase;
			buildActionMask = 2147483647;
			files = (
				7F70435C300C1217003471DC /* Euclid in Frameworks */,
			);
			runOnlyForDeploymentPostprocessing = 0;
		};
		7F704329300C0ED7003471DC /* Frameworks */ = {
			isa = PBXFrameworksBuildPhase;
			buildActionMask = 2147483647;
			files = (
			);
			runOnlyForDeploymentPostprocessing = 0;
		};
/* End PBXFrameworksBuildPhase section */

/* Begin PBXGroup section */
		7F70430A300C0ED6003471DC = {
			isa = PBXGroup;
			children = (
				7F704315300C0ED6003471DC /* openshape3d */,
				7F704325300C0ED7003471DC /* openshape3dTests */,
				7F70432F300C0ED7003471DC /* openshape3dUITests */,
				7F704314300C0ED6003471DC /* Products */,
				7F70455B3010EDEB003471DC /* Recovered References */,
			);
			sourceTree = "<group>";
		};
		7F704314300C0ED6003471DC /* Products */ = {
			isa = PBXGroup;
			children = (
				7F704313300C0ED6003471DC /* openshape3d.app */,
				7F704322300C0ED7003471DC /* openshape3dTests.xctest */,
				7F70432C300C0ED7003471DC /* openshape3dUITests.xctest */,
			);
			name = Products;
			sourceTree = "<group>";
		};
		7F70455B3010EDEB003471DC /* Recovered References */ = {
			isa = PBXGroup;
			children = (
				0CC70CC70CC70CC70CC700F1 /* OCCT.xcframework */,
			);
			name = "Recovered References";
			sourceTree = "<group>";
		};
/* End PBXGroup section */

/* Begin PBXNativeTarget section */
		7F704312300C0ED6003471DC /* openshape3d */ = {
			isa = PBXNativeTarget;
			buildConfigurationList = 7F704336300C0ED7003471DC /* Build configuration list for PBXNativeTarget "openshape3d" */;
			buildPhases = (
				7F70430F300C0ED6003471DC /* Sources */,
				7F704310300C0ED6003471DC /* Frameworks */,
				7F704311300C0ED6003471DC /* Resources */,
			);
			buildRules = (
			);
			dependencies = (
			);
			fileSystemSynchronizedGroups = (
				7F704315300C0ED6003471DC /* openshape3d */,
			);
			name = openshape3d;
			packageProductDependencies = (
				7F7043F1300C0ED8003471DC /* Euclid */,
			);
			productName = openshape3d;
			productReference = 7F704313300C0ED6003471DC /* openshape3d.app */;
			productType = "com.apple.product-type.application";
		};
		7F704321300C0ED7003471DC /* openshape3dTests */ = {
			isa = PBXNativeTarget;
			buildConfigurationList = 7F704339300C0ED7003471DC /* Build configuration list for PBXNativeTarget "openshape3dTests" */;
			buildPhases = (
				7F70431E300C0ED7003471DC /* Sources */,
				7F70431F300C0ED7003471DC /* Frameworks */,
				7F704320300C0ED7003471DC /* Resources */,
			);
			buildRules = (
			);
			dependencies = (
				7F704324300C0ED7003471DC /* PBXTargetDependency */,
			);
			fileSystemSynchronizedGroups = (
				7F704325300C0ED7003471DC /* openshape3dTests */,
			);
			name = openshape3dTests;
			packageProductDependencies = (
				7F7043F2300C0ED8003471DC /* Euclid */,
			);
			productName = openshape3dTests;
			productReference = 7F704322300C0ED7003471DC /* openshape3dTests.xctest */;
			productType = "com.apple.product-type.bundle.unit-test";
		};
		7F70432B300C0ED7003471DC /* openshape3dUITests */ = {
			isa = PBXNativeTarget;
			buildConfigurationList = 7F70433C300C0ED7003471DC /* Build configuration list for PBXNativeTarget "openshape3dUITests" */;
			buildPhases = (
				7F704328300C0ED7003471DC /* Sources */,
				7F704329300C0ED7003471DC /* Frameworks */,
				7F70432A300C0ED7003471DC /* Resources */,
			);
			buildRules = (
			);
			dependencies = (
				7F70432E300C0ED7003471DC /* PBXTargetDependency */,
			);
			fileSystemSynchronizedGroups = (
				7F70432F300C0ED7003471DC /* openshape3dUITests */,
			);
			name = openshape3dUITests;
			packageProductDependencies = (
			);
			productName = openshape3dUITests;
			productReference = 7F70432C300C0ED7003471DC /* openshape3dUITests.xctest */;
			productType = "com.apple.product-type.bundle.ui-testing";
		};
/* End PBXNativeTarget section */

/* Begin PBXProject section */
		7F70430B300C0ED6003471DC /* Project object */ = {
			isa = PBXProject;
			attributes = {
				BuildIndependentTargetsInParallel = 1;
				LastSwiftUpdateCheck = 2620;
				LastUpgradeCheck = 2620;
				TargetAttributes = {
					7F704312300C0ED6003471DC = {
						CreatedOnToolsVersion = 26.2;
					};
					7F704321300C0ED7003471DC = {
						CreatedOnToolsVersion = 26.2;
						TestTargetID = 7F704312300C0ED6003471DC;
					};
					7F70432B300C0ED7003471DC = {
						CreatedOnToolsVersion = 26.2;
						TestTargetID = 7F704312300C0ED6003471DC;
					};
				};
			};
			buildConfigurationList = 7F70430E300C0ED6003471DC /* Build configuration list for PBXProject "openshape3d" */;
			developmentRegion = en;
			hasScannedForEncodings = 0;
			knownRegions = (
				en,
				Base,
			);
			mainGroup = 7F70430A300C0ED6003471DC;
			minimizedProjectReferenceProxies = 1;
			packageReferences = (
				7F7043F0300C0ED8003471DC /* XCRemoteSwiftPackageReference "Euclid" */,
			);
			preferredProjectObjectVersion = 77;
			productRefGroup = 7F704314300C0ED6003471DC /* Products */;
			projectDirPath = "";
			projectRoot = "";
			targets = (
				7F704312300C0ED6003471DC /* openshape3d */,
				7F704321300C0ED7003471DC /* openshape3dTests */,
				7F70432B300C0ED7003471DC /* openshape3dUITests */,
			);
		};
/* End PBXProject section */

/* Begin PBXResourcesBuildPhase section */
		7F704311300C0ED6003471DC /* Resources */ = {
			isa = PBXResourcesBuildPhase;
			buildActionMask = 2147483647;
			files = (
			);
			runOnlyForDeploymentPostprocessing = 0;
		};
		7F704320300C0ED7003471DC /* Resources */ = {
			isa = PBXResourcesBuildPhase;
			buildActionMask = 2147483647;
			files = (
			);
			runOnlyForDeploymentPostprocessing = 0;
		};
		7F70432A300C0ED7003471DC /* Resources */ = {
			isa = PBXResourcesBuildPhase;
			buildActionMask = 2147483647;
			files = (
			);
			runOnlyForDeploymentPostprocessing = 0;
		};
/* End PBXResourcesBuildPhase section */

/* Begin PBXSourcesBuildPhase section */
		7F70430F300C0ED6003471DC /* Sources */ = {
			isa = PBXSourcesBuildPhase;
			buildActionMask = 2147483647;
			files = (
			);
			runOnlyForDeploymentPostprocessing = 0;
		};
		7F70431E300C0ED7003471DC /* Sources */ = {
			isa = PBXSourcesBuildPhase;
			buildActionMask = 2147483647;
			files = (
			);
			runOnlyForDeploymentPostprocessing = 0;
		};
		7F704328300C0ED7003471DC /* Sources */ = {
			isa = PBXSourcesBuildPhase;
			buildActionMask = 2147483647;
			files = (
			);
			runOnlyForDeploymentPostprocessing = 0;
		};
/* End PBXSourcesBuildPhase section */

/* Begin PBXTargetDependency section */
		7F704324300C0ED7003471DC /* PBXTargetDependency */ = {
			isa = PBXTargetDependency;
			target = 7F704312300C0ED6003471DC /* openshape3d */;
			targetProxy = 7F704323300C0ED7003471DC /* PBXContainerItemProxy */;
		};
		7F70432E300C0ED7003471DC /* PBXTargetDependency */ = {
			isa = PBXTargetDependency;
			target = 7F704312300C0ED6003471DC /* openshape3d */;
			targetProxy = 7F70432D300C0ED7003471DC /* PBXContainerItemProxy */;
		};
/* End PBXTargetDependency section */

/* Begin XCBuildConfiguration section */
		7F704334300C0ED7003471DC /* Debug */ = {
			isa = XCBuildConfiguration;
			buildSettings = {
				ALWAYS_SEARCH_USER_PATHS = NO;
				ASSETCATALOG_COMPILER_GENERATE_SWIFT_ASSET_SYMBOL_EXTENSIONS = YES;
				CLANG_ANALYZER_NONNULL = YES;
				CLANG_ANALYZER_NUMBER_OBJECT_CONVERSION = YES_AGGRESSIVE;
				CLANG_CXX_LANGUAGE_STANDARD = "gnu++20";
				CLANG_ENABLE_MODULES = YES;
				CLANG_ENABLE_OBJC_ARC = YES;
				CLANG_ENABLE_OBJC_WEAK = YES;
				CLANG_WARN_BLOCK_CAPTURE_AUTORELEASING = YES;
				CLANG_WARN_BOOL_CONVERSION = YES;
				CLANG_WARN_COMMA = YES;
				CLANG_WARN_CONSTANT_CONVERSION = YES;
				CLANG_WARN_DEPRECATED_OBJC_IMPLEMENTATIONS = YES;
				CLANG_WARN_DIRECT_OBJC_ISA_USAGE = YES_ERROR;
				CLANG_WARN_DOCUMENTATION_COMMENTS = YES;
				CLANG_WARN_EMPTY_BODY = YES;
				CLANG_WARN_ENUM_CONVERSION = YES;
				CLANG_WARN_INFINITE_RECURSION = YES;
				CLANG_WARN_INT_CONVERSION = YES;
				CLANG_WARN_NON_LITERAL_NULL_CONVERSION = YES;
				CLANG_WARN_OBJC_IMPLICIT_RETAIN_SELF = YES;
				CLANG_WARN_OBJC_LITERAL_CONVERSION = YES;
				CLANG_WARN_OBJC_ROOT_CLASS = YES_ERROR;
				CLANG_WARN_QUOTED_INCLUDE_IN_FRAMEWORK_HEADER = YES;
				CLANG_WARN_RANGE_LOOP_ANALYSIS = YES;
				CLANG_WARN_STRICT_PROTOTYPES = YES;
				CLANG_WARN_SUSPICIOUS_MOVE = YES;
				CLANG_WARN_UNGUARDED_AVAILABILITY = YES_AGGRESSIVE;
				CLANG_WARN_UNREACHABLE_CODE = YES;
				CLANG_WARN__DUPLICATE_METHOD_MATCH = YES;
				COPY_PHASE_STRIP = NO;
				DEBUG_INFORMATION_FORMAT = dwarf;
				DEVELOPMENT_TEAM = 34FWY7G2HB;
				ENABLE_STRICT_OBJC_MSGSEND = YES;
				ENABLE_TESTABILITY = YES;
				ENABLE_USER_SCRIPT_SANDBOXING = YES;
				GCC_C_LANGUAGE_STANDARD = gnu17;
				GCC_DYNAMIC_NO_PIC = NO;
				GCC_NO_COMMON_BLOCKS = YES;
				GCC_OPTIMIZATION_LEVEL = 0;
				GCC_PREPROCESSOR_DEFINITIONS = (
					"DEBUG=1",
					"$(inherited)",
				);
				GCC_WARN_64_TO_32_BIT_CONVERSION = YES;
				GCC_WARN_ABOUT_RETURN_TYPE = YES_ERROR;
				GCC_WARN_UNDECLARED_SELECTOR = YES;
				GCC_WARN_UNINITIALIZED_AUTOS = YES_AGGRESSIVE;
				GCC_WARN_UNUSED_FUNCTION = YES;
				GCC_WARN_UNUSED_VARIABLE = YES;
				LOCALIZATION_PREFERS_STRING_CATALOGS = YES;
				MTL_ENABLE_DEBUG_INFO = INCLUDE_SOURCE;
				MTL_FAST_MATH = YES;
				ONLY_ACTIVE_ARCH = YES;
				SWIFT_ACTIVE_COMPILATION_CONDITIONS = "DEBUG $(inherited)";
				SWIFT_OPTIMIZATION_LEVEL = "-Onone";
			};
			name = Debug;
		};
		7F704335300C0ED7003471DC /* Release */ = {
			isa = XCBuildConfiguration;
			buildSettings = {
				ALWAYS_SEARCH_USER_PATHS = NO;
				ASSETCATALOG_COMPILER_GENERATE_SWIFT_ASSET_SYMBOL_EXTENSIONS = YES;
				CLANG_ANALYZER_NONNULL = YES;
				CLANG_ANALYZER_NUMBER_OBJECT_CONVERSION = YES_AGGRESSIVE;
				CLANG_CXX_LANGUAGE_STANDARD = "gnu++20";
				CLANG_ENABLE_MODULES = YES;
				CLANG_ENABLE_OBJC_ARC = YES;
				CLANG_ENABLE_OBJC_WEAK = YES;
				CLANG_WARN_BLOCK_CAPTURE_AUTORELEASING = YES;
				CLANG_WARN_BOOL_CONVERSION = YES;
				CLANG_WARN_COMMA = YES;
				CLANG_WARN_CONSTANT_CONVERSION = YES;
				CLANG_WARN_DEPRECATED_OBJC_IMPLEMENTATIONS = YES;
				CLANG_WARN_DIRECT_OBJC_ISA_USAGE = YES_ERROR;
				CLANG_WARN_DOCUMENTATION_COMMENTS = YES;
				CLANG_WARN_EMPTY_BODY = YES;
				CLANG_WARN_ENUM_CONVERSION = YES;
				CLANG_WARN_INFINITE_RECURSION = YES;
				CLANG_WARN_INT_CONVERSION = YES;
				CLANG_WARN_NON_LITERAL_NULL_CONVERSION = YES;
				CLANG_WARN_OBJC_IMPLICIT_RETAIN_SELF = YES;
				CLANG_WARN_OBJC_LITERAL_CONVERSION = YES;
				CLANG_WARN_OBJC_ROOT_CLASS = YES_ERROR;
				CLANG_WARN_QUOTED_INCLUDE_IN_FRAMEWORK_HEADER = YES;
				CLANG_WARN_RANGE_LOOP_ANALYSIS = YES;
				CLANG_WARN_STRICT_PROTOTYPES = YES;
				CLANG_WARN_SUSPICIOUS_MOVE = YES;
				CLANG_WARN_UNGUARDED_AVAILABILITY = YES_AGGRESSIVE;
				CLANG_WARN_UNREACHABLE_CODE = YES;
				CLANG_WARN__DUPLICATE_METHOD_MATCH = YES;
				COPY_PHASE_STRIP = NO;
				DEBUG_INFORMATION_FORMAT = "dwarf-with-dsym";
				DEVELOPMENT_TEAM = 34FWY7G2HB;
				ENABLE_NS_ASSERTIONS = NO;
				ENABLE_STRICT_OBJC_MSGSEND = YES;
				ENABLE_USER_SCRIPT_SANDBOXING = YES;
				GCC_C_LANGUAGE_STANDARD = gnu17;
				GCC_NO_COMMON_BLOCKS = YES;
				GCC_WARN_64_TO_32_BIT_CONVERSION = YES;
				GCC_WARN_ABOUT_RETURN_TYPE = YES_ERROR;
				GCC_WARN_UNDECLARED_SELECTOR = YES;
				GCC_WARN_UNINITIALIZED_AUTOS = YES_AGGRESSIVE;
				GCC_WARN_UNUSED_FUNCTION = YES;
				GCC_WARN_UNUSED_VARIABLE = YES;
				LOCALIZATION_PREFERS_STRING_CATALOGS = YES;
				MTL_ENABLE_DEBUG_INFO = NO;
				MTL_FAST_MATH = YES;
				SWIFT_COMPILATION_MODE = wholemodule;
			};
			name = Release;
		};
		7F704337300C0ED7003471DC /* Debug */ = {
			isa = XCBuildConfiguration;
			buildSettings = {
				ASSETCATALOG_COMPILER_APPICON_NAME = AppIcon;
				ASSETCATALOG_COMPILER_GLOBAL_ACCENT_COLOR_NAME = AccentColor;
				CLANG_WARN_DOCUMENTATION_COMMENTS = NO;
				CODE_SIGN_STYLE = Automatic;
				CURRENT_PROJECT_VERSION = 1;
				DEVELOPMENT_TEAM = 34FWY7G2HB;
				ENABLE_APP_SANDBOX = YES;
				ENABLE_FILE_ACCESS_DOWNLOADS_FOLDER = readwrite;
				ENABLE_HARDENED_RUNTIME = YES;
				ENABLE_RESOURCE_ACCESS_AUDIO_INPUT = YES;
				ENABLE_INCOMING_NETWORK_CONNECTIONS = YES;
				ENABLE_PREVIEWS = YES;
				ENABLE_USER_SELECTED_FILES = readwrite;
				"EXCLUDED_ARCHS[sdk=macosx*]" = x86_64;
				GENERATE_INFOPLIST_FILE = YES;
				HEADER_SEARCH_PATHS = (
					"$(SRCROOT)/ThirdParty/OCCT.xcframework/ios-arm64/Headers",
					"$(SRCROOT)/ThirdParty/OCCT.xcframework/ios-arm64-simulator/Headers",
				);
				INFOPLIST_KEY_CFBundleDisplayName = "OpenShape 3D";
				INFOPLIST_KEY_ITSAppUsesNonExemptEncryption = NO;
				INFOPLIST_KEY_LSApplicationCategoryType = "public.app-category.graphics-design";
				INFOPLIST_KEY_NSMicrophoneUsageDescription = "Voice Edit listens while its panel is open so you can say what to change on the selected face or edge.";
				INFOPLIST_KEY_NSSpeechRecognitionUsageDescription = "Voice Edit turns what you say into text on this device so it can be applied as a modeling command.";
				"INFOPLIST_KEY_UIApplicationSceneManifest_Generation[sdk=iphoneos*]" = YES;
				"INFOPLIST_KEY_UIApplicationSceneManifest_Generation[sdk=iphonesimulator*]" = YES;
				"INFOPLIST_KEY_UIApplicationSupportsIndirectInputEvents[sdk=iphoneos*]" = YES;
				"INFOPLIST_KEY_UIApplicationSupportsIndirectInputEvents[sdk=iphonesimulator*]" = YES;
				"INFOPLIST_KEY_UILaunchScreen_Generation[sdk=iphoneos*]" = YES;
				"INFOPLIST_KEY_UILaunchScreen_Generation[sdk=iphonesimulator*]" = YES;
				"INFOPLIST_KEY_UIStatusBarStyle[sdk=iphoneos*]" = UIStatusBarStyleDefault;
				"INFOPLIST_KEY_UIStatusBarStyle[sdk=iphonesimulator*]" = UIStatusBarStyleDefault;
				INFOPLIST_KEY_UISupportedInterfaceOrientations_iPad = "UIInterfaceOrientationPortrait UIInterfaceOrientationPortraitUpsideDown UIInterfaceOrientationLandscapeLeft UIInterfaceOrientationLandscapeRight";
				INFOPLIST_KEY_UISupportedInterfaceOrientations_iPhone = "UIInterfaceOrientationPortrait UIInterfaceOrientationLandscapeLeft UIInterfaceOrientationLandscapeRight";
				IPHONEOS_DEPLOYMENT_TARGET = 17.0;
				LD_RUNPATH_SEARCH_PATHS = "@executable_path/Frameworks";
				"LD_RUNPATH_SEARCH_PATHS[sdk=macosx*]" = "@executable_path/../Frameworks";
				MACOSX_DEPLOYMENT_TARGET = 26.2;
				MARKETING_VERSION = 1.3;
				PRODUCT_BUNDLE_IDENTIFIER = com.laan.labs.openshape3d;
				PRODUCT_NAME = "$(TARGET_NAME)";
				REGISTER_APP_GROUPS = YES;
				SDKROOT = auto;
				STRING_CATALOG_GENERATE_SYMBOLS = YES;
				SUPPORTED_PLATFORMS = "iphoneos iphonesimulator";
				SUPPORTS_MACCATALYST = YES;
				SWIFT_APPROACHABLE_CONCURRENCY = YES;
				SWIFT_DEFAULT_ACTOR_ISOLATION = MainActor;
				SWIFT_EMIT_LOC_STRINGS = YES;
				SWIFT_OBJC_BRIDGING_HEADER = "openshape3d/openshape3d-Bridging-Header.h";
				SWIFT_UPCOMING_FEATURE_MEMBER_IMPORT_VISIBILITY = YES;
				SWIFT_VERSION = 5.0;
				TARGETED_DEVICE_FAMILY = "1,2";
				XROS_DEPLOYMENT_TARGET = 26.2;
			};
			name = Debug;
		};
		7F704338300C0ED7003471DC /* Release */ = {
			isa = XCBuildConfiguration;
			buildSettings = {
				ASSETCATALOG_COMPILER_APPICON_NAME = AppIcon;
				ASSETCATALOG_COMPILER_GLOBAL_ACCENT_COLOR_NAME = AccentColor;
				CLANG_WARN_DOCUMENTATION_COMMENTS = NO;
				CODE_SIGN_STYLE = Automatic;
				CURRENT_PROJECT_VERSION = 1;
				DEVELOPMENT_TEAM = 34FWY7G2HB;
				ENABLE_APP_SANDBOX = YES;
				ENABLE_FILE_ACCESS_DOWNLOADS_FOLDER = readwrite;
				ENABLE_HARDENED_RUNTIME = YES;
				ENABLE_RESOURCE_ACCESS_AUDIO_INPUT = YES;
				ENABLE_INCOMING_NETWORK_CONNECTIONS = YES;
				ENABLE_PREVIEWS = YES;
				ENABLE_USER_SELECTED_FILES = readwrite;
				"EXCLUDED_ARCHS[sdk=macosx*]" = x86_64;
				GENERATE_INFOPLIST_FILE = YES;
				HEADER_SEARCH_PATHS = (
					"$(SRCROOT)/ThirdParty/OCCT.xcframework/ios-arm64/Headers",
					"$(SRCROOT)/ThirdParty/OCCT.xcframework/ios-arm64-simulator/Headers",
				);
				INFOPLIST_KEY_CFBundleDisplayName = "OpenShape 3D";
				INFOPLIST_KEY_ITSAppUsesNonExemptEncryption = NO;
				INFOPLIST_KEY_LSApplicationCategoryType = "public.app-category.graphics-design";
				INFOPLIST_KEY_NSMicrophoneUsageDescription = "Voice Edit listens while its panel is open so you can say what to change on the selected face or edge.";
				INFOPLIST_KEY_NSSpeechRecognitionUsageDescription = "Voice Edit turns what you say into text on this device so it can be applied as a modeling command.";
				"INFOPLIST_KEY_UIApplicationSceneManifest_Generation[sdk=iphoneos*]" = YES;
				"INFOPLIST_KEY_UIApplicationSceneManifest_Generation[sdk=iphonesimulator*]" = YES;
				"INFOPLIST_KEY_UIApplicationSupportsIndirectInputEvents[sdk=iphoneos*]" = YES;
				"INFOPLIST_KEY_UIApplicationSupportsIndirectInputEvents[sdk=iphonesimulator*]" = YES;
				"INFOPLIST_KEY_UILaunchScreen_Generation[sdk=iphoneos*]" = YES;
				"INFOPLIST_KEY_UILaunchScreen_Generation[sdk=iphonesimulator*]" = YES;
				"INFOPLIST_KEY_UIStatusBarStyle[sdk=iphoneos*]" = UIStatusBarStyleDefault;
				"INFOPLIST_KEY_UIStatusBarStyle[sdk=iphonesimulator*]" = UIStatusBarStyleDefault;
				INFOPLIST_KEY_UISupportedInterfaceOrientations_iPad = "UIInterfaceOrientationPortrait UIInterfaceOrientationPortraitUpsideDown UIInterfaceOrientationLandscapeLeft UIInterfaceOrientationLandscapeRight";
				INFOPLIST_KEY_UISupportedInterfaceOrientations_iPhone = "UIInterfaceOrientationPortrait UIInterfaceOrientationLandscapeLeft UIInterfaceOrientationLandscapeRight";
				IPHONEOS_DEPLOYMENT_TARGET = 17.0;
				LD_RUNPATH_SEARCH_PATHS = "@executable_path/Frameworks";
				"LD_RUNPATH_SEARCH_PATHS[sdk=macosx*]" = "@executable_path/../Frameworks";
				MACOSX_DEPLOYMENT_TARGET = 26.2;
				MARKETING_VERSION = 1.3;
				PRODUCT_BUNDLE_IDENTIFIER = com.laan.labs.openshape3d;
				PRODUCT_NAME = "$(TARGET_NAME)";
				REGISTER_APP_GROUPS = YES;
				SDKROOT = auto;
				STRING_CATALOG_GENERATE_SYMBOLS = YES;
				SUPPORTED_PLATFORMS = "iphoneos iphonesimulator";
				SUPPORTS_MACCATALYST = YES;
				SWIFT_APPROACHABLE_CONCURRENCY = YES;
				SWIFT_DEFAULT_ACTOR_ISOLATION = MainActor;
				SWIFT_EMIT_LOC_STRINGS = YES;
				SWIFT_OBJC_BRIDGING_HEADER = "openshape3d/openshape3d-Bridging-Header.h";
				SWIFT_UPCOMING_FEATURE_MEMBER_IMPORT_VISIBILITY = YES;
				SWIFT_VERSION = 5.0;
				TARGETED_DEVICE_FAMILY = "1,2";
				XROS_DEPLOYMENT_TARGET = 26.2;
			};
			name = Release;
		};
		7F70433A300C0ED7003471DC /* Debug */ = {
			isa = XCBuildConfiguration;
			buildSettings = {
				BUNDLE_LOADER = "$(TEST_HOST)";
				CODE_SIGN_STYLE = Automatic;
				CURRENT_PROJECT_VERSION = 1;
				DEVELOPMENT_TEAM = 34FWY7G2HB;
				GENERATE_INFOPLIST_FILE = YES;
				IPHONEOS_DEPLOYMENT_TARGET = 26.2;
				MACOSX_DEPLOYMENT_TARGET = 26.2;
				MARKETING_VERSION = 1.3;
				PRODUCT_BUNDLE_IDENTIFIER = com.laan.labs.openshape3dTests;
				PRODUCT_NAME = "$(TARGET_NAME)";
				SDKROOT = auto;
				STRING_CATALOG_GENERATE_SYMBOLS = NO;
				SUPPORTED_PLATFORMS = "iphoneos iphonesimulator";
				SWIFT_APPROACHABLE_CONCURRENCY = YES;
				SWIFT_EMIT_LOC_STRINGS = NO;
				SWIFT_UPCOMING_FEATURE_MEMBER_IMPORT_VISIBILITY = YES;
				SWIFT_VERSION = 5.0;
				TARGETED_DEVICE_FAMILY = "1,2";
				TEST_HOST = "$(BUILT_PRODUCTS_DIR)/openshape3d.app/$(BUNDLE_EXECUTABLE_FOLDER_PATH)/openshape3d";
				XROS_DEPLOYMENT_TARGET = 26.2;
			};
			name = Debug;
		};
		7F70433B300C0ED7003471DC /* Release */ = {
			isa = XCBuildConfiguration;
			buildSettings = {
				BUNDLE_LOADER = "$(TEST_HOST)";
				CODE_SIGN_STYLE = Automatic;
				CURRENT_PROJECT_VERSION = 1;
				DEVELOPMENT_TEAM = 34FWY7G2HB;
				GENERATE_INFOPLIST_FILE = YES;
				IPHONEOS_DEPLOYMENT_TARGET = 26.2;
				MACOSX_DEPLOYMENT_TARGET = 26.2;
				MARKETING_VERSION = 1.3;
				PRODUCT_BUNDLE_IDENTIFIER = com.laan.labs.openshape3dTests;
				PRODUCT_NAME = "$(TARGET_NAME)";
				SDKROOT = auto;
				STRING_CATALOG_GENERATE_SYMBOLS = NO;
				SUPPORTED_PLATFORMS = "iphoneos iphonesimulator";
				SWIFT_APPROACHABLE_CONCURRENCY = YES;
				SWIFT_EMIT_LOC_STRINGS = NO;
				SWIFT_UPCOMING_FEATURE_MEMBER_IMPORT_VISIBILITY = YES;
				SWIFT_VERSION = 5.0;
				TARGETED_DEVICE_FAMILY = "1,2";
				TEST_HOST = "$(BUILT_PRODUCTS_DIR)/openshape3d.app/$(BUNDLE_EXECUTABLE_FOLDER_PATH)/openshape3d";
				XROS_DEPLOYMENT_TARGET = 26.2;
			};
			name = Release;
		};
		7F70433D300C0ED7003471DC /* Debug */ = {
			isa = XCBuildConfiguration;
			buildSettings = {
				CODE_SIGN_STYLE = Automatic;
				CURRENT_PROJECT_VERSION = 1;
				DEVELOPMENT_TEAM = 34FWY7G2HB;
				GENERATE_INFOPLIST_FILE = YES;
				IPHONEOS_DEPLOYMENT_TARGET = 26.2;
				MACOSX_DEPLOYMENT_TARGET = 26.2;
				MARKETING_VERSION = 1.3;
				PRODUCT_BUNDLE_IDENTIFIER = com.laan.labs.openshape3dUITests;
				PRODUCT_NAME = "$(TARGET_NAME)";
				SDKROOT = auto;
				STRING_CATALOG_GENERATE_SYMBOLS = NO;
				SUPPORTED_PLATFORMS = "iphoneos iphonesimulator";
				SWIFT_APPROACHABLE_CONCURRENCY = YES;
				SWIFT_EMIT_LOC_STRINGS = NO;
				SWIFT_UPCOMING_FEATURE_MEMBER_IMPORT_VISIBILITY = YES;
				SWIFT_VERSION = 5.0;
				TARGETED_DEVICE_FAMILY = "1,2";
				TEST_TARGET_NAME = openshape3d;
				XROS_DEPLOYMENT_TARGET = 26.2;
			};
			name = Debug;
		};
		7F70433E300C0ED7003471DC /* Release */ = {
			isa = XCBuildConfiguration;
			buildSettings = {
				CODE_SIGN_STYLE = Automatic;
				CURRENT_PROJECT_VERSION = 1;
				DEVELOPMENT_TEAM = 34FWY7G2HB;
				GENERATE_INFOPLIST_FILE = YES;
				IPHONEOS_DEPLOYMENT_TARGET = 26.2;
				MACOSX_DEPLOYMENT_TARGET = 26.2;
				MARKETING_VERSION = 1.3;
				PRODUCT_BUNDLE_IDENTIFIER = com.laan.labs.openshape3dUITests;
				PRODUCT_NAME = "$(TARGET_NAME)";
				SDKROOT = auto;
				STRING_CATALOG_GENERATE_SYMBOLS = NO;
				SUPPORTED_PLATFORMS = "iphoneos iphonesimulator";
				SWIFT_APPROACHABLE_CONCURRENCY = YES;
				SWIFT_EMIT_LOC_STRINGS = NO;
				SWIFT_UPCOMING_FEATURE_MEMBER_IMPORT_VISIBILITY = YES;
				SWIFT_VERSION = 5.0;
				TARGETED_DEVICE_FAMILY = "1,2";
				TEST_TARGET_NAME = openshape3d;
				XROS_DEPLOYMENT_TARGET = 26.2;
			};
			name = Release;
		};
/* End XCBuildConfiguration section */

/* Begin XCConfigurationList section */
		7F70430E300C0ED6003471DC /* Build configuration list for PBXProject "openshape3d" */ = {
			isa = XCConfigurationList;
			buildConfigurations = (
				7F704334300C0ED7003471DC /* Debug */,
				7F704335300C0ED7003471DC /* Release */,
			);
			defaultConfigurationIsVisible = 0;
			defaultConfigurationName = Release;
		};
		7F704336300C0ED7003471DC /* Build configuration list for PBXNativeTarget "openshape3d" */ = {
			isa = XCConfigurationList;
			buildConfigurations = (
				7F704337300C0ED7003471DC /* Debug */,
				7F704338300C0ED7003471DC /* Release */,
			);
			defaultConfigurationIsVisible = 0;
			defaultConfigurationName = Release;
		};
		7F704339300C0ED7003471DC /* Build configuration list for PBXNativeTarget "openshape3dTests" */ = {
			isa = XCConfigurationList;
			buildConfigurations = (
				7F70433A300C0ED7003471DC /* Debug */,
				7F70433B300C0ED7003471DC /* Release */,
			);
			defaultConfigurationIsVisible = 0;
			defaultConfigurationName = Release;
		};
		7F70433C300C0ED7003471DC /* Build configuration list for PBXNativeTarget "openshape3dUITests" */ = {
			isa = XCConfigurationList;
			buildConfigurations = (
				7F70433D300C0ED7003471DC /* Debug */,
				7F70433E300C0ED7003471DC /* Release */,
			);
			defaultConfigurationIsVisible = 0;
			defaultConfigurationName = Release;
		};
/* End XCConfigurationList section */

/* Begin XCRemoteSwiftPackageReference section */
		7F7043F0300C0ED8003471DC /* XCRemoteSwiftPackageReference "Euclid" */ = {
			isa = XCRemoteSwiftPackageReference;
			repositoryURL = "https://github.com/nicklockwood/Euclid";
			requirement = {
				kind = upToNextMajorVersion;
				minimumVersion = 0.7.0;
			};
		};
/* End XCRemoteSwiftPackageReference section */

/* Begin XCSwiftPackageProductDependency section */
		7F7043F1300C0ED8003471DC /* Euclid */ = {
			isa = XCSwiftPackageProductDependency;
			package = 7F7043F0300C0ED8003471DC /* XCRemoteSwiftPackageReference "Euclid" */;
			productName = Euclid;
		};
		7F7043F2300C0ED8003471DC /* Euclid */ = {
			isa = XCSwiftPackageProductDependency;
			package = 7F7043F0300C0ED8003471DC /* XCRemoteSwiftPackageReference "Euclid" */;
			productName = Euclid;
		};
/* End XCSwiftPackageProductDependency section */
	};
	rootObject = 7F70430B300C0ED6003471DC /* Project object */;
}
